# This file is automatically @generated by Poetry 1.4.0 and should not be changed by hand.

[[package]]
name = "nyanlang"
version = "1.3.5"
description = "A Cutest Programming Language"
category = "main"
optional = false
python-versions = ">=3.10,<4.0"
files = [
    {file = "nyanlang-1.3.5-py3-none-any.whl", hash = "sha256:bef85dfbf86f8175790ee307b2b77be528e43b670e85f4c7047db89b8394fdc6"},
    {file = "nyanlang-1.3.5.tar.gz", hash = "sha256:899b41ab2bb18523825377223a81ffe355f3e9cb6d06df7908e7958281f9a9ff"},
]

[metadata]
lock-version = "2.0"
python-versions = "^3.11"
content-hash = "be2aeb4782ee30c9b927de826db00e461a22640117e0e78e8a9cdd28b2dc47d4"
