# This file is automatically @generated by Poetry 1.4.0 and should not be changed by hand.

[[package]]
name = "nyanlang"
version = "1.5.2"
description = "A Cutest Programming Language"
category = "main"
optional = false
python-versions = ">=3.10,<4.0"
files = [
    {file = "nyanlang-1.5.2-py3-none-any.whl", hash = "sha256:a555aacc821e568be2eb1620b2d24893a9146e72a6d9eb0ea3a0774006bc605b"},
    {file = "nyanlang-1.5.2.tar.gz", hash = "sha256:628f9bc5d45015070bf238861b6edb2919d34de9b6800bf03ec2577db8f106bd"},
]

[metadata]
lock-version = "2.0"
python-versions = "^3.10"
content-hash = "d0c3c2b7ba140301efc79954d5626ec43adb11f16059f8526b3cbba31537cbb2"
